Microsoft Visual Studio Solution File, Format Version 12.00
# Visual Studio Version 17
VisualStudioVersion = 17.5.33627.172
MinimumVisualStudioVersion = 10.0.40219.1
Project("{9A19103F-16F7-4668-BE54-9A1E7A4F7556}") = "TodoList.WebApi", "TodoList.WebApi\TodoList.WebApi.csproj", "{0FEBAD17-BD14-4F55-80ED-6B24AE1DF00B}"
EndProject
Project("{9A19103F-16F7-4668-BE54-9A1E7A4F7556}") = "TodoList.Application", "TodoList.Application\TodoList.Application.csproj", "{530908FA-938C-4361-99D9-2A4E6C5D4151}"
EndProject
Project("{9A19103F-16F7-4668-BE54-9A1E7A4F7556}") = "TodoList.Infraestructure", "TodoList.Infraestructure\TodoList.Infraestructure.csproj", "{F95F1C8C-0587-44CF-BCAC-67D05E4CAD4F}"
EndProject
Project("{FAE04EC0-301F-11D3-BF4B-00C04F79EFBC}") = "TodoList.Core", "TodoList.Core\TodoList.Core.csproj", "{C00464E4-225F-4282-BDC4-0061BD9550A0}"
EndProject
Global
	GlobalSection(SolutionConfigurationPlatforms) = preSolution
		Debug|Any CPU = Debug|Any CPU
		Release|Any CPU = Release|Any CPU
	EndGlobalSection
	GlobalSection(ProjectConfigurationPlatforms) = postSolution
		{0FEBAD17-BD14-4F55-80ED-6B24AE1DF00B}.Debug|Any CPU.ActiveCfg = Debug|Any CPU
		{0FEBAD17-BD14-4F55-80ED-6B24AE1DF00B}.Debug|Any CPU.Build.0 = Debug|Any CPU
		{0FEBAD17-BD14-4F55-80ED-6B24AE1DF00B}.Release|Any CPU.ActiveCfg = Release|Any CPU
		{0FEBAD17-BD14-4F55-80ED-6B24AE1DF00B}.Release|Any CPU.Build.0 = Release|Any CPU
		{530908FA-938C-4361-99D9-2A4E6C5D4151}.Debug|Any CPU.ActiveCfg = Debug|Any CPU
		{530908FA-938C-4361-99D9-2A4E6C5D4151}.Debug|Any CPU.Build.0 = Debug|Any CPU
		{530908FA-938C-4361-99D9-2A4E6C5D4151}.Release|Any CPU.ActiveCfg = Release|Any CPU
		{530908FA-938C-4361-99D9-2A4E6C5D4151}.Release|Any CPU.Build.0 = Release|Any CPU
		{F95F1C8C-0587-44CF-BCAC-67D05E4CAD4F}.Debug|Any CPU.ActiveCfg = Debug|Any CPU
		{F95F1C8C-0587-44CF-BCAC-67D05E4CAD4F}.Debug|Any CPU.Build.0 = Debug|Any CPU
		{F95F1C8C-0587-44CF-BCAC-67D05E4CAD4F}.Release|Any CPU.ActiveCfg = Release|Any CPU
		{F95F1C8C-0587-44CF-BCAC-67D05E4CAD4F}.Release|Any CPU.Build.0 = Release|Any CPU
		{C00464E4-225F-4282-BDC4-0061BD9550A0}.Debug|Any CPU.ActiveCfg = Debug|Any CPU
		{C00464E4-225F-4282-BDC4-0061BD9550A0}.Debug|Any CPU.Build.0 = Debug|Any CPU
		{C00464E4-225F-4282-BDC4-0061BD9550A0}.Release|Any CPU.ActiveCfg = Release|Any CPU
		{C00464E4-225F-4282-BDC4-0061BD9550A0}.Release|Any CPU.Build.0 = Release|Any CPU
	EndGlobalSection
	GlobalSection(SolutionProperties) = preSolution
		HideSolutionNode = FALSE
	EndGlobalSection
	GlobalSection(ExtensibilityGlobals) = postSolution
		SolutionGuid = {3E8E7DC5-8F4B-4843-87AA-919836400EB8}
	EndGlobalSection
EndGlobal
